
Microsoft Visual Studio Solution File, Format Version 12.00
# Visual Studio Version 17
VisualStudioVersion = 17.14.36221.1 d17.14
MinimumVisualStudioVersion = 10.0.40219.1
Project("{FAE04EC0-301F-11D3-BF4B-00C04F79EFBC}") = "DapperDemo", "DapperDemo\DapperDemo.csproj", "{A1AF3BE3-0AE2-4DED-B490-ADCF04FDE2F5}"
EndProject
Global
	GlobalSection(SolutionConfigurationPlatforms) = preSolution
		Debug|Any CPU = Debug|Any CPU
		Release|Any CPU = Release|Any CPU
	EndGlobalSection
	GlobalSection(ProjectConfigurationPlatforms) = postSolution
		{A1AF3BE3-0AE2-4DED-B490-ADCF04FDE2F5}.Debug|Any CPU.ActiveCfg = Debug|Any CPU
		{A1AF3BE3-0AE2-4DED-B490-ADCF04FDE2F5}.Debug|Any CPU.Build.0 = Debug|Any CPU
		{A1AF3BE3-0AE2-4DED-B490-ADCF04FDE2F5}.Release|Any CPU.ActiveCfg = Release|Any CPU
		{A1AF3BE3-0AE2-4DED-B490-ADCF04FDE2F5}.Release|Any CPU.Build.0 = Release|Any CPU
	EndGlobalSection
	GlobalSection(SolutionProperties) = preSolution
		HideSolutionNode = FALSE
	EndGlobalSection
	GlobalSection(ExtensibilityGlobals) = postSolution
		SolutionGuid = {0AAA2FE0-E526-4F1F-B4A5-54A970F58DB9}
	EndGlobalSection
EndGlobal
